
Microsoft Visual Studio Solution File, Format Version 12.00
# Visual Studio 2013
VisualStudioVersion = 12.0.31101.0
MinimumVisualStudioVersion = 10.0.40219.1
Project("{FAE04EC0-301F-11D3-BF4B-00C04F79EFBC}") = "StaleContent", "StaleContent\StaleContent.csproj", "{FEF1C70D-76D2-4F2E-9627-8B0C344B1318}"
EndProject
Project("{2150E333-8FDC-42A3-9474-1A3956D46DE8}") = "Sitecore Packages", "Sitecore Packages", "{1AFD68E1-65C8-49D1-A265-7BB2A7763169}"
	ProjectSection(SolutionItems) = preProject
		Sitecore Packages\Stale Content.zip = Sitecore Packages\Stale Content.zip
	EndProjectSection
EndProject
Project("{2150E333-8FDC-42A3-9474-1A3956D46DE8}") = "Serialization", "Serialization", "{C36C5292-1148-490C-B3DD-D105021F6AF1}"
	ProjectSection(SolutionItems) = preProject
		serialization.zip = serialization.zip
	EndProjectSection
EndProject
Global
	GlobalSection(SolutionConfigurationPlatforms) = preSolution
		Debug|Any CPU = Debug|Any CPU
		Release|Any CPU = Release|Any CPU
	EndGlobalSection
	GlobalSection(ProjectConfigurationPlatforms) = postSolution
		{FEF1C70D-76D2-4F2E-9627-8B0C344B1318}.Debug|Any CPU.ActiveCfg = Debug|Any CPU
		{FEF1C70D-76D2-4F2E-9627-8B0C344B1318}.Debug|Any CPU.Build.0 = Debug|Any CPU
		{FEF1C70D-76D2-4F2E-9627-8B0C344B1318}.Release|Any CPU.ActiveCfg = Release|Any CPU
		{FEF1C70D-76D2-4F2E-9627-8B0C344B1318}.Release|Any CPU.Build.0 = Release|Any CPU
	EndGlobalSection
	GlobalSection(SolutionProperties) = preSolution
		HideSolutionNode = FALSE
	EndGlobalSection
EndGlobal
